
Microsoft Visual Studio Solution File, Format Version 12.00
# Visual Studio Version 17
VisualStudioVersion = 17.6.33829.357
MinimumVisualStudioVersion = 10.0.40219.1
Project("{9A19103F-16F7-4668-BE54-9A1E7A4F7556}") = "ConsoleApp2", "ConsoleApp2.csproj", "{0CBC9E90-D764-457F-B70D-90879E9BB4C1}"
EndProject
Global
	GlobalSection(SolutionConfigurationPlatforms) = preSolution
		Debug|Any CPU = Debug|Any CPU
		Release|Any CPU = Release|Any CPU
	EndGlobalSection
	GlobalSection(ProjectConfigurationPlatforms) = postSolution
		{0CBC9E90-D764-457F-B70D-90879E9BB4C1}.Debug|Any CPU.ActiveCfg = Debug|Any CPU
		{0CBC9E90-D764-457F-B70D-90879E9BB4C1}.Debug|Any CPU.Build.0 = Debug|Any CPU
		{0CBC9E90-D764-457F-B70D-90879E9BB4C1}.Release|Any CPU.ActiveCfg = Release|Any CPU
		{0CBC9E90-D764-457F-B70D-90879E9BB4C1}.Release|Any CPU.Build.0 = Release|Any CPU
	EndGlobalSection
	GlobalSection(SolutionProperties) = preSolution
		HideSolutionNode = FALSE
	EndGlobalSection
	GlobalSection(ExtensibilityGlobals) = postSolution
		SolutionGuid = {48295F38-F028-4B38-872C-6BE39E615C3E}
	EndGlobalSection
EndGlobal
